
Microsoft Visual Studio Solution File, Format Version 12.00
# Visual Studio 15
Project("{FAE04EC0-301F-11D3-BF4B-00C04F79EFBC}") = "VuforiaScripts", "VuforiaScripts.csproj", "{8A00ED50-0CE4-7D2F-115D-5B5E60CB211D}"
EndProject
Project("{FAE04EC0-301F-11D3-BF4B-00C04F79EFBC}") = "VuforiaEditorScripts", "VuforiaEditorScripts.csproj", "{DD333F22-26AF-8D5D-EC02-39C7A615AF89}"
EndProject
Global
	GlobalSection(SolutionConfigurationPlatforms) = preSolution
		Debug|Any CPU = Debug|Any CPU
		Release|Any CPU = Release|Any CPU
	EndGlobalSection
	GlobalSection(ProjectConfigurationPlatforms) = postSolution
		{8A00ED50-0CE4-7D2F-115D-5B5E60CB211D}.Debug|Any CPU.ActiveCfg = Debug|Any CPU
		{8A00ED50-0CE4-7D2F-115D-5B5E60CB211D}.Debug|Any CPU.Build.0 = Debug|Any CPU
		{8A00ED50-0CE4-7D2F-115D-5B5E60CB211D}.Release|Any CPU.ActiveCfg = Release|Any CPU
		{8A00ED50-0CE4-7D2F-115D-5B5E60CB211D}.Release|Any CPU.Build.0 = Release|Any CPU
		{DD333F22-26AF-8D5D-EC02-39C7A615AF89}.Debug|Any CPU.ActiveCfg = Debug|Any CPU
		{DD333F22-26AF-8D5D-EC02-39C7A615AF89}.Debug|Any CPU.Build.0 = Debug|Any CPU
		{DD333F22-26AF-8D5D-EC02-39C7A615AF89}.Release|Any CPU.ActiveCfg = Release|Any CPU
		{DD333F22-26AF-8D5D-EC02-39C7A615AF89}.Release|Any CPU.Build.0 = Release|Any CPU
	EndGlobalSection
	GlobalSection(SolutionProperties) = preSolution
		HideSolutionNode = FALSE
	EndGlobalSection
EndGlobal
